
Microsoft Visual Studio Solution File, Format Version 12.00
# Visual Studio Version 17
VisualStudioVersion = 17.5.002.0
MinimumVisualStudioVersion = 10.0.40219.1
Project("{9A19103F-16F7-4668-BE54-9A1E7A4F7556}") = "ImplementingJWTAuthN", "ImplementingJWTAuthN\ImplementingJWTAuthN.csproj", "{B2FA21E0-094B-432E-93BF-A64B0AA84BC3}"
EndProject
Global
	GlobalSection(SolutionConfigurationPlatforms) = preSolution
		Debug|Any CPU = Debug|Any CPU
		Release|Any CPU = Release|Any CPU
	EndGlobalSection
	GlobalSection(ProjectConfigurationPlatforms) = postSolution
		{B2FA21E0-094B-432E-93BF-A64B0AA84BC3}.Debug|Any CPU.ActiveCfg = Debug|Any CPU
		{B2FA21E0-094B-432E-93BF-A64B0AA84BC3}.Debug|Any CPU.Build.0 = Debug|Any CPU
		{B2FA21E0-094B-432E-93BF-A64B0AA84BC3}.Release|Any CPU.ActiveCfg = Release|Any CPU
		{B2FA21E0-094B-432E-93BF-A64B0AA84BC3}.Release|Any CPU.Build.0 = Release|Any CPU
	EndGlobalSection
	GlobalSection(SolutionProperties) = preSolution
		HideSolutionNode = FALSE
	EndGlobalSection
	GlobalSection(ExtensibilityGlobals) = postSolution
		SolutionGuid = {F17850CB-C64B-4BBD-B298-861353EBB406}
	EndGlobalSection
EndGlobal
